{
  "name": "dgraph-js-issue-repro",
  "version": "1.0.0",
  "lockfileVersion": 1,
  "requires": true,
  "dependencies": {
    "dgraph-js": {
      "version": "1.0.4",
      "resolved": "https://registry.npmjs.org/dgraph-js/-/dgraph-js-1.0.4.tgz",
      "integrity": "sha512-fAAPYHRvOJGtBluQSrSTD9jfmdo9jSj7rJIaaAOfUMhfa5r6MFtCleUaTEmGif+ID1EUjp1EtrH/IxEYI4+32A==",
      "requires": {
        "google-protobuf": "3.5.0"
      }
    },
    "google-protobuf": {
      "version": "3.5.0",
      "resolved": "https://registry.npmjs.org/google-protobuf/-/google-protobuf-3.5.0.tgz",
      "integrity": "sha1-uMxjx02DRXvYqakEUDyO+ya8ozk="
    }
  }
}
